// !$*UTF8*$!
{
	archiveVersion = 1;
	classes = {
	};
	objectVersion = 56;
	objects = {

/* Begin PBXBuildFile section */
		26227F772B0B6C040056A556 /* A4_IOSApp.swift in Sources */ = {isa = PBXBuildFile; fileRef = 26227F762B0B6C040056A556 /* A4_IOSApp.swift */; };
		26227F792B0B6C040056A556 /* ContentView.swift in Sources */ = {isa = PBXBuildFile; fileRef = 26227F782B0B6C040056A556 /* ContentView.swift */; };
		26227F7B2B0B6C050056A556 /* Assets.xcassets in Resources */ = {isa = PBXBuildFile; fileRef = 26227F7A2B0B6C050056A556 /* Assets.xcassets */; };
		26227F7E2B0B6C050056A556 /* Preview Assets.xcassets in Resources */ = {isa = PBXBuildFile; fileRef = 26227F7D2B0B6C050056A556 /* Preview Assets.xcassets */; };
		26227F872B0BAA440056A556 /* NewDataScreen.swift in Sources */ = {isa = PBXBuildFile; fileRef = 26227F862B0BAA440056A556 /* NewDataScreen.swift */; };
		26227F892B0BAABB0056A556 /* Data.swift in Sources */ = {isa = PBXBuildFile; fileRef = 26227F882B0BAABB0056A556 /* Data.swift */; };
		26227F8B2B0CA5B70056A556 /* DataDetailScreen.swift in Sources */ = {isa = PBXBuildFile; fileRef = 26227F8A2B0CA5B70056A556 /* DataDetailScreen.swift */; };
		26227F8E2B0CDDC10056A556 /* SwipeCellKit in Frameworks */ = {isa = PBXBuildFile; productRef = 26227F8D2B0CDDC10056A556 /* SwipeCellKit */; };
		26227F922B0CE49A0056A556 /* EditDataScreen.swift in Sources */ = {isa = PBXBuildFile; fileRef = 26227F912B0CE49A0056A556 /* EditDataScreen.swift */; };
/* End PBXBuildFile section */

/* Begin PBXFileReference section */
		26227F732B0B6C040056A556 /* A4_IOS.app */ = {isa = PBXFileReference; explicitFileType = wrapper.application; includeInIndex = 0; path = A4_IOS.app; sourceTree = BUILT_PRODUCTS_DIR; };
		26227F762B0B6C040056A556 /* A4_IOSApp.swift */ = {isa = PBXFileReference; lastKnownFileType = sourcecode.swift; path = A4_IOSApp.swift; sourceTree = "<group>"; };
		26227F782B0B6C040056A556 /* ContentView.swift */ = {isa = PBXFileReference; lastKnownFileType = sourcecode.swift; path = ContentView.swift; sourceTree = "<group>"; };
		26227F7A2B0B6C050056A556 /* Assets.xcassets */ = {isa = PBXFileReference; lastKnownFileType = folder.assetcatalog; path = Assets.xcassets; sourceTree = "<group>"; };
		26227F7D2B0B6C050056A556 /* Preview Assets.xcassets */ = {isa = PBXFileReference; lastKnownFileType = folder.assetcatalog; path = "Preview Assets.xcassets"; sourceTree = "<group>"; };
		26227F862B0BAA440056A556 /* NewDataScreen.swift */ = {isa = PBXFileReference; lastKnownFileType = sourcecode.swift; path = NewDataScreen.swift; sourceTree = "<group>"; };
		26227F882B0BAABB0056A556 /* Data.swift */ = {isa = PBXFileReference; lastKnownFileType = sourcecode.swift; path = Data.swift; sourceTree = "<group>"; };
		26227F8A2B0CA5B70056A556 /* DataDetailScreen.swift */ = {isa = PBXFileReference; lastKnownFileType = sourcecode.swift; path = DataDetailScreen.swift; sourceTree = "<group>"; };
		26227F912B0CE49A0056A556 /* EditDataScreen.swift */ = {isa = PBXFileReference; lastKnownFileType = sourcecode.swift; path = EditDataScreen.swift; sourceTree = "<group>"; };
/* End PBXFileReference section */

/* Begin PBXFrameworksBuildPhase section */
		26227F702B0B6C040056A556 /* Frameworks */ = {
			isa = PBXFrameworksBuildPhase;
			buildActionMask = 2147483647;
			files = (
				26227F8E2B0CDDC10056A556 /* SwipeCellKit in Frameworks */,
			);
			runOnlyForDeploymentPostprocessing = 0;
		};
/* End PBXFrameworksBuildPhase section */

/* Begin PBXGroup section */
		26227F6A2B0B6C040056A556 = {
			isa = PBXGroup;
			children = (
				26227F752B0B6C040056A556 /* A4_IOS */,
				26227F742B0B6C040056A556 /* Products */,
			);
			sourceTree = "<group>";
		};
		26227F742B0B6C040056A556 /* Products */ = {
			isa = PBXGroup;
			children = (
				26227F732B0B6C040056A556 /* A4_IOS.app */,
			);
			name = Products;
			sourceTree = "<group>";
		};
		26227F752B0B6C040056A556 /* A4_IOS */ = {
			isa = PBXGroup;
			children = (
				26227F782B0B6C040056A556 /* ContentView.swift */,
				26227F762B0B6C040056A556 /* A4_IOSApp.swift */,
				26227F882B0BAABB0056A556 /* Data.swift */,
				26227F8A2B0CA5B70056A556 /* DataDetailScreen.swift */,
				26227F862B0BAA440056A556 /* NewDataScreen.swift */,
				26227F912B0CE49A0056A556 /* EditDataScreen.swift */,
				26227F7A2B0B6C050056A556 /* Assets.xcassets */,
				26227F7C2B0B6C050056A556 /* Preview Content */,
			);
			path = A4_IOS;
			sourceTree = "<group>";
		};
		26227F7C2B0B6C050056A556 /* Preview Content */ = {
			isa = PBXGroup;
			children = (
				26227F7D2B0B6C050056A556 /* Preview Assets.xcassets */,
			);
			path = "Preview Content";
			sourceTree = "<group>";
		};
/* End PBXGroup section */

/* Begin PBXNativeTarget section */
		26227F722B0B6C040056A556 /* A4_IOS */ = {
			isa = PBXNativeTarget;
			buildConfigurationList = 26227F812B0B6C050056A556 /* Build configuration list for PBXNativeTarget "A4_IOS" */;
			buildPhases = (
				26227F6F2B0B6C040056A556 /* Sources */,
				26227F702B0B6C040056A556 /* Frameworks */,
				26227F712B0B6C040056A556 /* Resources */,
			);
			buildRules = (
			);
			dependencies = (
			);
			name = A4_IOS;
			packageProductDependencies = (
				26227F8D2B0CDDC10056A556 /* SwipeCellKit */,
			);
			productName = A4_IOS;
			productReference = 26227F732B0B6C040056A556 /* A4_IOS.app */;
			productType = "com.apple.product-type.application";
		};
/* End PBXNativeTarget section */

/* Begin PBXProject section */
		26227F6B2B0B6C040056A556 /* Project object */ = {
			isa = PBXProject;
			attributes = {
				BuildIndependentTargetsInParallel = 1;
				LastSwiftUpdateCheck = 1500;
				LastUpgradeCheck = 1500;
				TargetAttributes = {
					26227F722B0B6C040056A556 = {
						CreatedOnToolsVersion = 15.0.1;
					};
				};
			};
			buildConfigurationList = 26227F6E2B0B6C040056A556 /* Build configuration list for PBXProject "A4_IOS" */;
			compatibilityVersion = "Xcode 14.0";
			developmentRegion = en;
			hasScannedForEncodings = 0;
			knownRegions = (
				en,
				Base,
			);
			mainGroup = 26227F6A2B0B6C040056A556;
			packageReferences = (
				26227F8C2B0CDDC10056A556 /* XCRemoteSwiftPackageReference "SwipeCellKit" */,
			);
			productRefGroup = 26227F742B0B6C040056A556 /* Products */;
			projectDirPath = "";
			projectRoot = "";
			targets = (
				26227F722B0B6C040056A556 /* A4_IOS */,
			);
		};
/* End PBXProject section */

/* Begin PBXResourcesBuildPhase section */
		26227F712B0B6C040056A556 /* Resources */ = {
			isa = PBXResourcesBuildPhase;
			buildActionMask = 2147483647;
			files = (
				26227F7E2B0B6C050056A556 /* Preview Assets.xcassets in Resources */,
				26227F7B2B0B6C050056A556 /* Assets.xcassets in Resources */,
			);
			runOnlyForDeploymentPostprocessing = 0;
		};
/* End PBXResourcesBuildPhase section */

/* Begin PBXSourcesBuildPhase section */
		26227F6F2B0B6C040056A556 /* Sources */ = {
			isa = PBXSourcesBuildPhase;
			buildActionMask = 2147483647;
			files = (
				26227F792B0B6C040056A556 /* ContentView.swift in Sources */,
				26227F772B0B6C040056A556 /* A4_IOSApp.swift in Sources */,
				26227F872B0BAA440056A556 /* NewDataScreen.swift in Sources */,
				26227F922B0CE49A0056A556 /* EditDataScreen.swift in Sources */,
				26227F8B2B0CA5B70056A556 /* DataDetailScreen.swift in Sources */,
				26227F892B0BAABB0056A556 /* Data.swift in Sources */,
			);
			runOnlyForDeploymentPostprocessing = 0;
		};
/* End PBXSourcesBuildPhase section */

/* Begin XCBuildConfiguration section */
		26227F7F2B0B6C050056A556 /* Debug */ = {
			isa = XCBuildConfiguration;
			buildSettings = {
				ALWAYS_SEARCH_USER_PATHS = NO;
				ASSETCATALOG_COMPILER_GENERATE_SWIFT_ASSET_SYMBOL_EXTENSIONS = YES;
				CLANG_ANALYZER_NONNULL = YES;
				CLANG_ANALYZER_NUMBER_OBJECT_CONVERSION = YES_AGGRESSIVE;
				CLANG_CXX_LANGUAGE_STANDARD = "gnu++20";
				CLANG_ENABLE_MODULES = YES;
				CLANG_ENABLE_OBJC_ARC = YES;
				CLANG_ENABLE_OBJC_WEAK = YES;
				CLANG_WARN_BLOCK_CAPTURE_AUTORELEASING = YES;
				CLANG_WARN_BOOL_CONVERSION = YES;
				CLANG_WARN_COMMA = YES;
				CLANG_WARN_CONSTANT_CONVERSION = YES;
				CLANG_WARN_DEPRECATED_OBJC_IMPLEMENTATIONS = YES;
				CLANG_WARN_DIRECT_OBJC_ISA_USAGE = YES_ERROR;
				CLANG_WARN_DOCUMENTATION_COMMENTS = YES;
				CLANG_WARN_EMPTY_BODY = YES;
				CLANG_WARN_ENUM_CONVERSION = YES;
				CLANG_WARN_INFINITE_RECURSION = YES;
				CLANG_WARN_INT_CONVERSION = YES;
				CLANG_WARN_NON_LITERAL_NULL_CONVERSION = YES;
				CLANG_WARN_OBJC_IMPLICIT_RETAIN_SELF = YES;
				CLANG_WARN_OBJC_LITERAL_CONVERSION = YES;
				CLANG_WARN_OBJC_ROOT_CLASS = YES_ERROR;
				CLANG_WARN_QUOTED_INCLUDE_IN_FRAMEWORK_HEADER = YES;
				CLANG_WARN_RANGE_LOOP_ANALYSIS = YES;
				CLANG_WARN_STRICT_PROTOTYPES = YES;
				CLANG_WARN_SUSPICIOUS_MOVE = YES;
				CLANG_WARN_UNGUARDED_AVAILABILITY = YES_AGGRESSIVE;
				CLANG_WARN_UNREACHABLE_CODE = YES;
				CLANG_WARN__DUPLICATE_METHOD_MATCH = YES;
				COPY_PHASE_STRIP = NO;
				DEBUG_INFORMATION_FORMAT = dwarf;
				ENABLE_STRICT_OBJC_MSGSEND = YES;
				ENABLE_TESTABILITY = YES;
				ENABLE_USER_SCRIPT_SANDBOXING = YES;
				GCC_C_LANGUAGE_STANDARD = gnu17;
				GCC_DYNAMIC_NO_PIC = NO;
				GCC_NO_COMMON_BLOCKS = YES;
				GCC_OPTIMIZATION_LEVEL = 0;
				GCC_PREPROCESSOR_DEFINITIONS = (
					"DEBUG=1",
					"$(inherited)",
				);
				GCC_WARN_64_TO_32_BIT_CONVERSION = YES;
				GCC_WARN_ABOUT_RETURN_TYPE = YES_ERROR;
				GCC_WARN_UNDECLARED_SELECTOR = YES;
				GCC_WARN_UNINITIALIZED_AUTOS = YES_AGGRESSIVE;
				GCC_WARN_UNUSED_FUNCTION = YES;
				GCC_WARN_UNUSED_VARIABLE = YES;
				IPHONEOS_DEPLOYMENT_TARGET = 17.0;
				LOCALIZATION_PREFERS_STRING_CATALOGS = YES;
				MTL_ENABLE_DEBUG_INFO = INCLUDE_SOURCE;
				MTL_FAST_MATH = YES;
				ONLY_ACTIVE_ARCH = YES;
				SDKROOT = iphoneos;
				SWIFT_ACTIVE_COMPILATION_CONDITIONS = "DEBUG $(inherited)";
				SWIFT_OPTIMIZATION_LEVEL = "-Onone";
			};
			name = Debug;
		};
		26227F802B0B6C050056A556 /* Release */ = {
			isa = XCBuildConfiguration;
			buildSettings = {
				ALWAYS_SEARCH_USER_PATHS = NO;
				ASSETCATALOG_COMPILER_GENERATE_SWIFT_ASSET_SYMBOL_EXTENSIONS = YES;
				CLANG_ANALYZER_NONNULL = YES;
				CLANG_ANALYZER_NUMBER_OBJECT_CONVERSION = YES_AGGRESSIVE;
				CLANG_CXX_LANGUAGE_STANDARD = "gnu++20";
				CLANG_ENABLE_MODULES = YES;
				CLANG_ENABLE_OBJC_ARC = YES;
				CLANG_ENABLE_OBJC_WEAK = YES;
				CLANG_WARN_BLOCK_CAPTURE_AUTORELEASING = YES;
				CLANG_WARN_BOOL_CONVERSION = YES;
				CLANG_WARN_COMMA = YES;
				CLANG_WARN_CONSTANT_CONVERSION = YES;
				CLANG_WARN_DEPRECATED_OBJC_IMPLEMENTATIONS = YES;
				CLANG_WARN_DIRECT_OBJC_ISA_USAGE = YES_ERROR;
				CLANG_WARN_DOCUMENTATION_COMMENTS = YES;
				CLANG_WARN_EMPTY_BODY = YES;
				CLANG_WARN_ENUM_CONVERSION = YES;
				CLANG_WARN_INFINITE_RECURSION = YES;
				CLANG_WARN_INT_CONVERSION = YES;
				CLANG_WARN_NON_LITERAL_NULL_CONVERSION = YES;
				CLANG_WARN_OBJC_IMPLICIT_RETAIN_SELF = YES;
				CLANG_WARN_OBJC_LITERAL_CONVERSION = YES;
				CLANG_WARN_OBJC_ROOT_CLASS = YES_ERROR;
				CLANG_WARN_QUOTED_INCLUDE_IN_FRAMEWORK_HEADER = YES;
				CLANG_WARN_RANGE_LOOP_ANALYSIS = YES;
				CLANG_WARN_STRICT_PROTOTYPES = YES;
				CLANG_WARN_SUSPICIOUS_MOVE = YES;
				CLANG_WARN_UNGUARDED_AVAILABILITY = YES_AGGRESSIVE;
				CLANG_WARN_UNREACHABLE_CODE = YES;
				CLANG_WARN__DUPLICATE_METHOD_MATCH = YES;
				COPY_PHASE_STRIP = NO;
				DEBUG_INFORMATION_FORMAT = "dwarf-with-dsym";
				ENABLE_NS_ASSERTIONS = NO;
				ENABLE_STRICT_OBJC_MSGSEND = YES;
				ENABLE_USER_SCRIPT_SANDBOXING = YES;
				GCC_C_LANGUAGE_STANDARD = gnu17;
				GCC_NO_COMMON_BLOCKS = YES;
				GCC_WARN_64_TO_32_BIT_CONVERSION = YES;
				GCC_WARN_ABOUT_RETURN_TYPE = YES_ERROR;
				GCC_WARN_UNDECLARED_SELECTOR = YES;
				GCC_WARN_UNINITIALIZED_AUTOS = YES_AGGRESSIVE;
				GCC_WARN_UNUSED_FUNCTION = YES;
				GCC_WARN_UNUSED_VARIABLE = YES;
				IPHONEOS_DEPLOYMENT_TARGET = 17.0;
				LOCALIZATION_PREFERS_STRING_CATALOGS = YES;
				MTL_ENABLE_DEBUG_INFO = NO;
				MTL_FAST_MATH = YES;
				SDKROOT = iphoneos;
				SWIFT_COMPILATION_MODE = wholemodule;
				VALIDATE_PRODUCT = YES;
			};
			name = Release;
		};
		26227F822B0B6C050056A556 /* Debug */ = {
			isa = XCBuildConfiguration;
			buildSettings = {
				ASSETCATALOG_COMPILER_APPICON_NAME = AppIcon;
				ASSETCATALOG_COMPILER_GLOBAL_ACCENT_COLOR_NAME = AccentColor;
				CODE_SIGN_STYLE = Automatic;
				CURRENT_PROJECT_VERSION = 1;
				DEVELOPMENT_ASSET_PATHS = "\"A4_IOS/Preview Content\"";
				ENABLE_PREVIEWS = YES;
				GENERATE_INFOPLIST_FILE = YES;
				INFOPLIST_KEY_UIApplicationSceneManifest_Generation = YES;
				INFOPLIST_KEY_UIApplicationSupportsIndirectInputEvents = YES;
				INFOPLIST_KEY_UILaunchScreen_Generation = YES;
				INFOPLIST_KEY_UISupportedInterfaceOrientations_iPad = "UIInterfaceOrientationPortrait UIInterfaceOrientationPortraitUpsideDown UIInterfaceOrientationLandscapeLeft UIInterfaceOrientationLandscapeRight";
				INFOPLIST_KEY_UISupportedInterfaceOrientations_iPhone = "UIInterfaceOrientationPortrait UIInterfaceOrientationLandscapeLeft UIInterfaceOrientationLandscapeRight";
				LD_RUNPATH_SEARCH_PATHS = (
					"$(inherited)",
					"@executable_path/Frameworks",
				);
				MARKETING_VERSION = 1.0;
				PRODUCT_BUNDLE_IDENTIFIER = "elyes-voisin.A4-IOS";
				PRODUCT_NAME = "$(TARGET_NAME)";
				SWIFT_EMIT_LOC_STRINGS = YES;
				SWIFT_VERSION = 5.0;
				TARGETED_DEVICE_FAMILY = "1,2";
			};
			name = Debug;
		};
		26227F832B0B6C050056A556 /* Release */ = {
			isa = XCBuildConfiguration;
			buildSettings = {
				ASSETCATALOG_COMPILER_APPICON_NAME = AppIcon;
				ASSETCATALOG_COMPILER_GLOBAL_ACCENT_COLOR_NAME = AccentColor;
				CODE_SIGN_STYLE = Automatic;
				CURRENT_PROJECT_VERSION = 1;
				DEVELOPMENT_ASSET_PATHS = "\"A4_IOS/Preview Content\"";
				ENABLE_PREVIEWS = YES;
				GENERATE_INFOPLIST_FILE = YES;
				INFOPLIST_KEY_UIApplicationSceneManifest_Generation = YES;
				INFOPLIST_KEY_UIApplicationSupportsIndirectInputEvents = YES;
				INFOPLIST_KEY_UILaunchScreen_Generation = YES;
				INFOPLIST_KEY_UISupportedInterfaceOrientations_iPad = "UIInterfaceOrientationPortrait UIInterfaceOrientationPortraitUpsideDown UIInterfaceOrientationLandscapeLeft UIInterfaceOrientationLandscapeRight";
				INFOPLIST_KEY_UISupportedInterfaceOrientations_iPhone = "UIInterfaceOrientationPortrait UIInterfaceOrientationLandscapeLeft UIInterfaceOrientationLandscapeRight";
				LD_RUNPATH_SEARCH_PATHS = (
					"$(inherited)",
					"@executable_path/Frameworks",
				);
				MARKETING_VERSION = 1.0;
				PRODUCT_BUNDLE_IDENTIFIER = "elyes-voisin.A4-IOS";
				PRODUCT_NAME = "$(TARGET_NAME)";
				SWIFT_EMIT_LOC_STRINGS = YES;
				SWIFT_VERSION = 5.0;
				TARGETED_DEVICE_FAMILY = "1,2";
			};
			name = Release;
		};
/* End XCBuildConfiguration section */

/* Begin XCConfigurationList section */
		26227F6E2B0B6C040056A556 /* Build configuration list for PBXProject "A4_IOS" */ = {
			isa = XCConfigurationList;
			buildConfigurations = (
				26227F7F2B0B6C050056A556 /* Debug */,
				26227F802B0B6C050056A556 /* Release */,
			);
			defaultConfigurationIsVisible = 0;
			defaultConfigurationName = Release;
		};
		26227F812B0B6C050056A556 /* Build configuration list for PBXNativeTarget "A4_IOS" */ = {
			isa = XCConfigurationList;
			buildConfigurations = (
				26227F822B0B6C050056A556 /* Debug */,
				26227F832B0B6C050056A556 /* Release */,
			);
			defaultConfigurationIsVisible = 0;
			defaultConfigurationName = Release;
		};
/* End XCConfigurationList section */

/* Begin XCRemoteSwiftPackageReference section */
		26227F8C2B0CDDC10056A556 /* XCRemoteSwiftPackageReference "SwipeCellKit" */ = {
			isa = XCRemoteSwiftPackageReference;
			repositoryURL = "https://github.com/SwipeCellKit/SwipeCellKit";
			requirement = {
				kind = upToNextMajorVersion;
				minimumVersion = 2.7.1;
			};
		};
/* End XCRemoteSwiftPackageReference section */

/* Begin XCSwiftPackageProductDependency section */
		26227F8D2B0CDDC10056A556 /* SwipeCellKit */ = {
			isa = XCSwiftPackageProductDependency;
			package = 26227F8C2B0CDDC10056A556 /* XCRemoteSwiftPackageReference "SwipeCellKit" */;
			productName = SwipeCellKit;
		};
/* End XCSwiftPackageProductDependency section */
	};
	rootObject = 26227F6B2B0B6C040056A556 /* Project object */;
}
